
Microsoft Visual Studio Solution File, Format Version 12.00
Project("{8BC9CEB8-8B4A-11D0-8D11-00A0C91BC942}") = "RiderTest", "RiderTest\RiderTest.vcxproj", "{88EDEC11-C3EE-4052-A077-3435AE6DE1A9}"
EndProject
Project("{8BC9CEB8-8B4A-11D0-8D11-00A0C91BC942}") = "RiderLibrary", "RiderLibrary\RiderLibrary.vcxproj", "{00364DFD-2A34-4383-931C-E7D65C3A57B4}"
EndProject
Project("{8BC9CEB8-8B4A-11D0-8D11-00A0C91BC942}") = "Tests", "Tests\Tests.vcxproj", "{89FB530E-1FEA-44B6-802B-422428D2875A}"
EndProject
Global
	GlobalSection(SolutionConfigurationPlatforms) = preSolution
		Debug|Win32 = Debug|Win32
		Debug|x64 = Debug|x64
		Release|Win32 = Release|Win32
		Release|x64 = Release|x64
	EndGlobalSection
	GlobalSection(ProjectConfigurationPlatforms) = postSolution
		{88EDEC11-C3EE-4052-A077-3435AE6DE1A9}.Debug|Win32.ActiveCfg = Debug|Win32
		{88EDEC11-C3EE-4052-A077-3435AE6DE1A9}.Debug|Win32.Build.0 = Debug|Win32
		{88EDEC11-C3EE-4052-A077-3435AE6DE1A9}.Debug|x64.ActiveCfg = Debug|x64
		{88EDEC11-C3EE-4052-A077-3435AE6DE1A9}.Debug|x64.Build.0 = Debug|x64
		{88EDEC11-C3EE-4052-A077-3435AE6DE1A9}.Release|Win32.ActiveCfg = Release|Win32
		{88EDEC11-C3EE-4052-A077-3435AE6DE1A9}.Release|Win32.Build.0 = Release|Win32
		{88EDEC11-C3EE-4052-A077-3435AE6DE1A9}.Release|x64.ActiveCfg = Release|x64
		{88EDEC11-C3EE-4052-A077-3435AE6DE1A9}.Release|x64.Build.0 = Release|x64
		{00364DFD-2A34-4383-931C-E7D65C3A57B4}.Debug|Win32.ActiveCfg = Debug|Win32
		{00364DFD-2A34-4383-931C-E7D65C3A57B4}.Debug|Win32.Build.0 = Debug|Win32
		{00364DFD-2A34-4383-931C-E7D65C3A57B4}.Debug|x64.ActiveCfg = Debug|x64
		{00364DFD-2A34-4383-931C-E7D65C3A57B4}.Debug|x64.Build.0 = Debug|x64
		{00364DFD-2A34-4383-931C-E7D65C3A57B4}.Release|Win32.ActiveCfg = Release|Win32
		{00364DFD-2A34-4383-931C-E7D65C3A57B4}.Release|Win32.Build.0 = Release|Win32
		{00364DFD-2A34-4383-931C-E7D65C3A57B4}.Release|x64.ActiveCfg = Release|x64
		{00364DFD-2A34-4383-931C-E7D65C3A57B4}.Release|x64.Build.0 = Release|x64
		{89FB530E-1FEA-44B6-802B-422428D2875A}.Debug|Win32.ActiveCfg = Debug|Win32
		{89FB530E-1FEA-44B6-802B-422428D2875A}.Debug|Win32.Build.0 = Debug|Win32
		{89FB530E-1FEA-44B6-802B-422428D2875A}.Debug|x64.ActiveCfg = Debug|x64
		{89FB530E-1FEA-44B6-802B-422428D2875A}.Debug|x64.Build.0 = Debug|x64
		{89FB530E-1FEA-44B6-802B-422428D2875A}.Release|Win32.ActiveCfg = Release|Win32
		{89FB530E-1FEA-44B6-802B-422428D2875A}.Release|Win32.Build.0 = Release|Win32
		{89FB530E-1FEA-44B6-802B-422428D2875A}.Release|x64.ActiveCfg = Release|x64
		{89FB530E-1FEA-44B6-802B-422428D2875A}.Release|x64.Build.0 = Release|x64
	EndGlobalSection
EndGlobal
